
Microsoft Visual Studio Solution File, Format Version 12.00
# Visual Studio Version 17
VisualStudioVersion = 17.5.002.0
MinimumVisualStudioVersion = 10.0.40219.1
Project("{9A19103F-16F7-4668-BE54-9A1E7A4F7556}") = "API", "API\API.csproj", "{FADBA141-7949-4895-9891-8028443B24BD}"
EndProject
Global
	GlobalSection(SolutionConfigurationPlatforms) = preSolution
		Debug|Any CPU = Debug|Any CPU
		Release|Any CPU = Release|Any CPU
	EndGlobalSection
	GlobalSection(ProjectConfigurationPlatforms) = postSolution
		{FADBA141-7949-4895-9891-8028443B24BD}.Debug|Any CPU.ActiveCfg = Debug|Any CPU
		{FADBA141-7949-4895-9891-8028443B24BD}.Debug|Any CPU.Build.0 = Debug|Any CPU
		{FADBA141-7949-4895-9891-8028443B24BD}.Release|Any CPU.ActiveCfg = Release|Any CPU
		{FADBA141-7949-4895-9891-8028443B24BD}.Release|Any CPU.Build.0 = Release|Any CPU
	EndGlobalSection
	GlobalSection(SolutionProperties) = preSolution
		HideSolutionNode = FALSE
	EndGlobalSection
	GlobalSection(ExtensibilityGlobals) = postSolution
		SolutionGuid = {14096A4D-6FE9-4C45-8E13-32FE5A8FF594}
	EndGlobalSection
EndGlobal
